
Microsoft Visual Studio Solution File, Format Version 12.00
# Visual Studio Version 17
VisualStudioVersion = 17.8.34330.188
MinimumVisualStudioVersion = 10.0.40219.1
Project("{FAE04EC0-301F-11D3-BF4B-00C04F79EFBC}") = "WareHousingApi.WebApi", "WareHousingApi.WebApi\WareHousingApi.WebApi.csproj", "{11A1DC63-F2A1-46F8-AEAE-D033B3A77A91}"
EndProject
Project("{FAE04EC0-301F-11D3-BF4B-00C04F79EFBC}") = "WareHousingApi.DataModel", "WareHousingApi.DataModel\WareHousingApi.DataModel.csproj", "{87E56ED7-D556-4531-BD32-1695F9641E84}"
EndProject
Global
	GlobalSection(SolutionConfigurationPlatforms) = preSolution
		Debug|Any CPU = Debug|Any CPU
		Release|Any CPU = Release|Any CPU
	EndGlobalSection
	GlobalSection(ProjectConfigurationPlatforms) = postSolution
		{11A1DC63-F2A1-46F8-AEAE-D033B3A77A91}.Debug|Any CPU.ActiveCfg = Debug|Any CPU
		{11A1DC63-F2A1-46F8-AEAE-D033B3A77A91}.Debug|Any CPU.Build.0 = Debug|Any CPU
		{11A1DC63-F2A1-46F8-AEAE-D033B3A77A91}.Release|Any CPU.ActiveCfg = Release|Any CPU
		{11A1DC63-F2A1-46F8-AEAE-D033B3A77A91}.Release|Any CPU.Build.0 = Release|Any CPU
		{87E56ED7-D556-4531-BD32-1695F9641E84}.Debug|Any CPU.ActiveCfg = Debug|Any CPU
		{87E56ED7-D556-4531-BD32-1695F9641E84}.Debug|Any CPU.Build.0 = Debug|Any CPU
		{87E56ED7-D556-4531-BD32-1695F9641E84}.Release|Any CPU.ActiveCfg = Release|Any CPU
		{87E56ED7-D556-4531-BD32-1695F9641E84}.Release|Any CPU.Build.0 = Release|Any CPU
	EndGlobalSection
	GlobalSection(SolutionProperties) = preSolution
		HideSolutionNode = FALSE
	EndGlobalSection
	GlobalSection(ExtensibilityGlobals) = postSolution
		SolutionGuid = {1CC8F800-6369-43A7-BAA6-624C69FED967}
	EndGlobalSection
EndGlobal
